// !$*UTF8*$!
{
	archiveVersion = 1;
	classes = {
	};
	objectVersion = 56;
	objects = {

/* Begin PBXBuildFile section */
		B3C4F82A2ACE2DA300E75C7D /* SETApp.swift in Sources */ = {isa = PBXBuildFile; fileRef = B3C4F8292ACE2DA300E75C7D /* SETApp.swift */; };
		B3C4F82C2ACE2DA300E75C7D /* SetView.swift in Sources */ = {isa = PBXBuildFile; fileRef = B3C4F82B2ACE2DA300E75C7D /* SetView.swift */; };
		B3C4F82E2ACE2DA700E75C7D /* Assets.xcassets in Resources */ = {isa = PBXBuildFile; fileRef = B3C4F82D2ACE2DA700E75C7D /* Assets.xcassets */; };
		B3C4F8312ACE2DA700E75C7D /* Preview Assets.xcassets in Resources */ = {isa = PBXBuildFile; fileRef = B3C4F8302ACE2DA700E75C7D /* Preview Assets.xcassets */; };
		B3C4F8382ACE2DCC00E75C7D /* SetCard.swift in Sources */ = {isa = PBXBuildFile; fileRef = B3C4F8372ACE2DCC00E75C7D /* SetCard.swift */; };
		B3C4F83A2ACF05CB00E75C7D /* SetGame.swift in Sources */ = {isa = PBXBuildFile; fileRef = B3C4F8392ACF05CB00E75C7D /* SetGame.swift */; };
		B3C4F83C2ACF15A200E75C7D /* AspectVGrid.swift in Sources */ = {isa = PBXBuildFile; fileRef = B3C4F83B2ACF15A200E75C7D /* AspectVGrid.swift */; };
		B3C4F8622ADA54E000E75C7D /* CardView.swift in Sources */ = {isa = PBXBuildFile; fileRef = B3C4F8612ADA54E000E75C7D /* CardView.swift */; };
		B3C4F8642ADC46FE00E75C7D /* Cardify.swift in Sources */ = {isa = PBXBuildFile; fileRef = B3C4F8632ADC46FE00E75C7D /* Cardify.swift */; };
/* End PBXBuildFile section */

/* Begin PBXFileReference section */
		B3C4F8262ACE2DA300E75C7D /* SET.app */ = {isa = PBXFileReference; explicitFileType = wrapper.application; includeInIndex = 0; path = SET.app; sourceTree = BUILT_PRODUCTS_DIR; };
		B3C4F8292ACE2DA300E75C7D /* SETApp.swift */ = {isa = PBXFileReference; lastKnownFileType = sourcecode.swift; path = SETApp.swift; sourceTree = "<group>"; };
		B3C4F82B2ACE2DA300E75C7D /* SetView.swift */ = {isa = PBXFileReference; lastKnownFileType = sourcecode.swift; path = SetView.swift; sourceTree = "<group>"; };
		B3C4F82D2ACE2DA700E75C7D /* Assets.xcassets */ = {isa = PBXFileReference; lastKnownFileType = folder.assetcatalog; path = Assets.xcassets; sourceTree = "<group>"; };
		B3C4F8302ACE2DA700E75C7D /* Preview Assets.xcassets */ = {isa = PBXFileReference; lastKnownFileType = folder.assetcatalog; path = "Preview Assets.xcassets"; sourceTree = "<group>"; };
		B3C4F8372ACE2DCC00E75C7D /* SetCard.swift */ = {isa = PBXFileReference; lastKnownFileType = sourcecode.swift; path = SetCard.swift; sourceTree = "<group>"; };
		B3C4F8392ACF05CB00E75C7D /* SetGame.swift */ = {isa = PBXFileReference; lastKnownFileType = sourcecode.swift; path = SetGame.swift; sourceTree = "<group>"; };
		B3C4F83B2ACF15A200E75C7D /* AspectVGrid.swift */ = {isa = PBXFileReference; lastKnownFileType = sourcecode.swift; path = AspectVGrid.swift; sourceTree = "<group>"; };
		B3C4F8612ADA54E000E75C7D /* CardView.swift */ = {isa = PBXFileReference; lastKnownFileType = sourcecode.swift; path = CardView.swift; sourceTree = "<group>"; };
		B3C4F8632ADC46FE00E75C7D /* Cardify.swift */ = {isa = PBXFileReference; lastKnownFileType = sourcecode.swift; path = Cardify.swift; sourceTree = "<group>"; };
/* End PBXFileReference section */

/* Begin PBXFrameworksBuildPhase section */
		B3C4F8232ACE2DA300E75C7D /* Frameworks */ = {
			isa = PBXFrameworksBuildPhase;
			buildActionMask = 2147483647;
			files = (
			);
			runOnlyForDeploymentPostprocessing = 0;
		};
/* End PBXFrameworksBuildPhase section */

/* Begin PBXGroup section */
		B3C4F81D2ACE2DA300E75C7D = {
			isa = PBXGroup;
			children = (
				B3C4F8282ACE2DA300E75C7D /* SET */,
				B3C4F8272ACE2DA300E75C7D /* Products */,
			);
			sourceTree = "<group>";
		};
		B3C4F8272ACE2DA300E75C7D /* Products */ = {
			isa = PBXGroup;
			children = (
				B3C4F8262ACE2DA300E75C7D /* SET.app */,
			);
			name = Products;
			sourceTree = "<group>";
		};
		B3C4F8282ACE2DA300E75C7D /* SET */ = {
			isa = PBXGroup;
			children = (
				B3C4F8292ACE2DA300E75C7D /* SETApp.swift */,
				B3C4F82B2ACE2DA300E75C7D /* SetView.swift */,
				B3C4F8612ADA54E000E75C7D /* CardView.swift */,
				B3C4F8632ADC46FE00E75C7D /* Cardify.swift */,
				B3C4F83B2ACF15A200E75C7D /* AspectVGrid.swift */,
				B3C4F8392ACF05CB00E75C7D /* SetGame.swift */,
				B3C4F8372ACE2DCC00E75C7D /* SetCard.swift */,
				B3C4F82D2ACE2DA700E75C7D /* Assets.xcassets */,
				B3C4F82F2ACE2DA700E75C7D /* Preview Content */,
			);
			path = SET;
			sourceTree = "<group>";
		};
		B3C4F82F2ACE2DA700E75C7D /* Preview Content */ = {
			isa = PBXGroup;
			children = (
				B3C4F8302ACE2DA700E75C7D /* Preview Assets.xcassets */,
			);
			path = "Preview Content";
			sourceTree = "<group>";
		};
/* End PBXGroup section */

/* Begin PBXNativeTarget section */
		B3C4F8252ACE2DA300E75C7D /* SET */ = {
			isa = PBXNativeTarget;
			buildConfigurationList = B3C4F8342ACE2DA700E75C7D /* Build configuration list for PBXNativeTarget "SET" */;
			buildPhases = (
				B3C4F8222ACE2DA300E75C7D /* Sources */,
				B3C4F8232ACE2DA300E75C7D /* Frameworks */,
				B3C4F8242ACE2DA300E75C7D /* Resources */,
			);
			buildRules = (
			);
			dependencies = (
			);
			name = SET;
			productName = SET;
			productReference = B3C4F8262ACE2DA300E75C7D /* SET.app */;
			productType = "com.apple.product-type.application";
		};
/* End PBXNativeTarget section */

/* Begin PBXProject section */
		B3C4F81E2ACE2DA300E75C7D /* Project object */ = {
			isa = PBXProject;
			attributes = {
				BuildIndependentTargetsInParallel = 1;
				LastSwiftUpdateCheck = 1500;
				LastUpgradeCheck = 1500;
				TargetAttributes = {
					B3C4F8252ACE2DA300E75C7D = {
						CreatedOnToolsVersion = 15.0;
					};
				};
			};
			buildConfigurationList = B3C4F8212ACE2DA300E75C7D /* Build configuration list for PBXProject "SET" */;
			compatibilityVersion = "Xcode 14.0";
			developmentRegion = en;
			hasScannedForEncodings = 0;
			knownRegions = (
				en,
				Base,
			);
			mainGroup = B3C4F81D2ACE2DA300E75C7D;
			productRefGroup = B3C4F8272ACE2DA300E75C7D /* Products */;
			projectDirPath = "";
			projectRoot = "";
			targets = (
				B3C4F8252ACE2DA300E75C7D /* SET */,
			);
		};
/* End PBXProject section */

/* Begin PBXResourcesBuildPhase section */
		B3C4F8242ACE2DA300E75C7D /* Resources */ = {
			isa = PBXResourcesBuildPhase;
			buildActionMask = 2147483647;
			files = (
				B3C4F8312ACE2DA700E75C7D /* Preview Assets.xcassets in Resources */,
				B3C4F82E2ACE2DA700E75C7D /* Assets.xcassets in Resources */,
			);
			runOnlyForDeploymentPostprocessing = 0;
		};
/* End PBXResourcesBuildPhase section */

/* Begin PBXSourcesBuildPhase section */
		B3C4F8222ACE2DA300E75C7D /* Sources */ = {
			isa = PBXSourcesBuildPhase;
			buildActionMask = 2147483647;
			files = (
				B3C4F8382ACE2DCC00E75C7D /* SetCard.swift in Sources */,
				B3C4F8642ADC46FE00E75C7D /* Cardify.swift in Sources */,
				B3C4F82C2ACE2DA300E75C7D /* SetView.swift in Sources */,
				B3C4F8622ADA54E000E75C7D /* CardView.swift in Sources */,
				B3C4F83A2ACF05CB00E75C7D /* SetGame.swift in Sources */,
				B3C4F83C2ACF15A200E75C7D /* AspectVGrid.swift in Sources */,
				B3C4F82A2ACE2DA300E75C7D /* SETApp.swift in Sources */,
			);
			runOnlyForDeploymentPostprocessing = 0;
		};
/* End PBXSourcesBuildPhase section */

/* Begin XCBuildConfiguration section */
		B3C4F8322ACE2DA700E75C7D /* Debug */ = {
			isa = XCBuildConfiguration;
			buildSettings = {
				ALWAYS_SEARCH_USER_PATHS = NO;
				ASSETCATALOG_COMPILER_GENERATE_SWIFT_ASSET_SYMBOL_EXTENSIONS = YES;
				CLANG_ANALYZER_NONNULL = YES;
				CLANG_ANALYZER_NUMBER_OBJECT_CONVERSION = YES_AGGRESSIVE;
				CLANG_CXX_LANGUAGE_STANDARD = "gnu++20";
				CLANG_ENABLE_MODULES = YES;
				CLANG_ENABLE_OBJC_ARC = YES;
				CLANG_ENABLE_OBJC_WEAK = YES;
				CLANG_WARN_BLOCK_CAPTURE_AUTORELEASING = YES;
				CLANG_WARN_BOOL_CONVERSION = YES;
				CLANG_WARN_COMMA = YES;
				CLANG_WARN_CONSTANT_CONVERSION = YES;
				CLANG_WARN_DEPRECATED_OBJC_IMPLEMENTATIONS = YES;
				CLANG_WARN_DIRECT_OBJC_ISA_USAGE = YES_ERROR;
				CLANG_WARN_DOCUMENTATION_COMMENTS = YES;
				CLANG_WARN_EMPTY_BODY = YES;
				CLANG_WARN_ENUM_CONVERSION = YES;
				CLANG_WARN_INFINITE_RECURSION = YES;
				CLANG_WARN_INT_CONVERSION = YES;
				CLANG_WARN_NON_LITERAL_NULL_CONVERSION = YES;
				CLANG_WARN_OBJC_IMPLICIT_RETAIN_SELF = YES;
				CLANG_WARN_OBJC_LITERAL_CONVERSION = YES;
				CLANG_WARN_OBJC_ROOT_CLASS = YES_ERROR;
				CLANG_WARN_QUOTED_INCLUDE_IN_FRAMEWORK_HEADER = YES;
				CLANG_WARN_RANGE_LOOP_ANALYSIS = YES;
				CLANG_WARN_STRICT_PROTOTYPES = YES;
				CLANG_WARN_SUSPICIOUS_MOVE = YES;
				CLANG_WARN_UNGUARDED_AVAILABILITY = YES_AGGRESSIVE;
				CLANG_WARN_UNREACHABLE_CODE = YES;
				CLANG_WARN__DUPLICATE_METHOD_MATCH = YES;
				COPY_PHASE_STRIP = NO;
				DEBUG_INFORMATION_FORMAT = dwarf;
				ENABLE_STRICT_OBJC_MSGSEND = YES;
				ENABLE_TESTABILITY = YES;
				ENABLE_USER_SCRIPT_SANDBOXING = YES;
				GCC_C_LANGUAGE_STANDARD = gnu17;
				GCC_DYNAMIC_NO_PIC = NO;
				GCC_NO_COMMON_BLOCKS = YES;
				GCC_OPTIMIZATION_LEVEL = 0;
				GCC_PREPROCESSOR_DEFINITIONS = (
					"DEBUG=1",
					"$(inherited)",
				);
				GCC_WARN_64_TO_32_BIT_CONVERSION = YES;
				GCC_WARN_ABOUT_RETURN_TYPE = YES_ERROR;
				GCC_WARN_UNDECLARED_SELECTOR = YES;
				GCC_WARN_UNINITIALIZED_AUTOS = YES_AGGRESSIVE;
				GCC_WARN_UNUSED_FUNCTION = YES;
				GCC_WARN_UNUSED_VARIABLE = YES;
				IPHONEOS_DEPLOYMENT_TARGET = 17.0;
				LOCALIZATION_PREFERS_STRING_CATALOGS = YES;
				MTL_ENABLE_DEBUG_INFO = INCLUDE_SOURCE;
				MTL_FAST_MATH = YES;
				ONLY_ACTIVE_ARCH = YES;
				SDKROOT = iphoneos;
				SWIFT_ACTIVE_COMPILATION_CONDITIONS = "DEBUG $(inherited)";
				SWIFT_OPTIMIZATION_LEVEL = "-Onone";
			};
			name = Debug;
		};
		B3C4F8332ACE2DA700E75C7D /* Release */ = {
			isa = XCBuildConfiguration;
			buildSettings = {
				ALWAYS_SEARCH_USER_PATHS = NO;
				ASSETCATALOG_COMPILER_GENERATE_SWIFT_ASSET_SYMBOL_EXTENSIONS = YES;
				CLANG_ANALYZER_NONNULL = YES;
				CLANG_ANALYZER_NUMBER_OBJECT_CONVERSION = YES_AGGRESSIVE;
				CLANG_CXX_LANGUAGE_STANDARD = "gnu++20";
				CLANG_ENABLE_MODULES = YES;
				CLANG_ENABLE_OBJC_ARC = YES;
				CLANG_ENABLE_OBJC_WEAK = YES;
				CLANG_WARN_BLOCK_CAPTURE_AUTORELEASING = YES;
				CLANG_WARN_BOOL_CONVERSION = YES;
				CLANG_WARN_COMMA = YES;
				CLANG_WARN_CONSTANT_CONVERSION = YES;
				CLANG_WARN_DEPRECATED_OBJC_IMPLEMENTATIONS = YES;
				CLANG_WARN_DIRECT_OBJC_ISA_USAGE = YES_ERROR;
				CLANG_WARN_DOCUMENTATION_COMMENTS = YES;
				CLANG_WARN_EMPTY_BODY = YES;
				CLANG_WARN_ENUM_CONVERSION = YES;
				CLANG_WARN_INFINITE_RECURSION = YES;
				CLANG_WARN_INT_CONVERSION = YES;
				CLANG_WARN_NON_LITERAL_NULL_CONVERSION = YES;
				CLANG_WARN_OBJC_IMPLICIT_RETAIN_SELF = YES;
				CLANG_WARN_OBJC_LITERAL_CONVERSION = YES;
				CLANG_WARN_OBJC_ROOT_CLASS = YES_ERROR;
				CLANG_WARN_QUOTED_INCLUDE_IN_FRAMEWORK_HEADER = YES;
				CLANG_WARN_RANGE_LOOP_ANALYSIS = YES;
				CLANG_WARN_STRICT_PROTOTYPES = YES;
				CLANG_WARN_SUSPICIOUS_MOVE = YES;
				CLANG_WARN_UNGUARDED_AVAILABILITY = YES_AGGRESSIVE;
				CLANG_WARN_UNREACHABLE_CODE = YES;
				CLANG_WARN__DUPLICATE_METHOD_MATCH = YES;
				COPY_PHASE_STRIP = NO;
				DEBUG_INFORMATION_FORMAT = "dwarf-with-dsym";
				ENABLE_NS_ASSERTIONS = NO;
				ENABLE_STRICT_OBJC_MSGSEND = YES;
				ENABLE_USER_SCRIPT_SANDBOXING = YES;
				GCC_C_LANGUAGE_STANDARD = gnu17;
				GCC_NO_COMMON_BLOCKS = YES;
				GCC_WARN_64_TO_32_BIT_CONVERSION = YES;
				GCC_WARN_ABOUT_RETURN_TYPE = YES_ERROR;
				GCC_WARN_UNDECLARED_SELECTOR = YES;
				GCC_WARN_UNINITIALIZED_AUTOS = YES_AGGRESSIVE;
				GCC_WARN_UNUSED_FUNCTION = YES;
				GCC_WARN_UNUSED_VARIABLE = YES;
				IPHONEOS_DEPLOYMENT_TARGET = 17.0;
				LOCALIZATION_PREFERS_STRING_CATALOGS = YES;
				MTL_ENABLE_DEBUG_INFO = NO;
				MTL_FAST_MATH = YES;
				SDKROOT = iphoneos;
				SWIFT_COMPILATION_MODE = wholemodule;
				VALIDATE_PRODUCT = YES;
			};
			name = Release;
		};
		B3C4F8352ACE2DA700E75C7D /* Debug */ = {
			isa = XCBuildConfiguration;
			buildSettings = {
				ASSETCATALOG_COMPILER_APPICON_NAME = AppIcon;
				ASSETCATALOG_COMPILER_GLOBAL_ACCENT_COLOR_NAME = AccentColor;
				CODE_SIGN_STYLE = Automatic;
				CURRENT_PROJECT_VERSION = 1;
				DEVELOPMENT_ASSET_PATHS = "\"SET/Preview Content\"";
				DEVELOPMENT_TEAM = A43MNB4Y8U;
				ENABLE_PREVIEWS = YES;
				GENERATE_INFOPLIST_FILE = YES;
				INFOPLIST_KEY_UIApplicationSceneManifest_Generation = YES;
				INFOPLIST_KEY_UIApplicationSupportsIndirectInputEvents = YES;
				INFOPLIST_KEY_UILaunchScreen_Generation = YES;
				INFOPLIST_KEY_UISupportedInterfaceOrientations_iPad = "UIInterfaceOrientationPortrait UIInterfaceOrientationPortraitUpsideDown UIInterfaceOrientationLandscapeLeft UIInterfaceOrientationLandscapeRight";
				INFOPLIST_KEY_UISupportedInterfaceOrientations_iPhone = "UIInterfaceOrientationPortrait UIInterfaceOrientationLandscapeLeft UIInterfaceOrientationLandscapeRight";
				LD_RUNPATH_SEARCH_PATHS = (
					"$(inherited)",
					"@executable_path/Frameworks",
				);
				MARKETING_VERSION = 1.0;
				PRODUCT_BUNDLE_IDENTIFIER = com.theonlygnome.SET;
				PRODUCT_NAME = "$(TARGET_NAME)";
				SWIFT_EMIT_LOC_STRINGS = YES;
				SWIFT_VERSION = 5.0;
				TARGETED_DEVICE_FAMILY = "1,2";
			};
			name = Debug;
		};
		B3C4F8362ACE2DA700E75C7D /* Release */ = {
			isa = XCBuildConfiguration;
			buildSettings = {
				ASSETCATALOG_COMPILER_APPICON_NAME = AppIcon;
				ASSETCATALOG_COMPILER_GLOBAL_ACCENT_COLOR_NAME = AccentColor;
				CODE_SIGN_STYLE = Automatic;
				CURRENT_PROJECT_VERSION = 1;
				DEVELOPMENT_ASSET_PATHS = "\"SET/Preview Content\"";
				DEVELOPMENT_TEAM = A43MNB4Y8U;
				ENABLE_PREVIEWS = YES;
				GENERATE_INFOPLIST_FILE = YES;
				INFOPLIST_KEY_UIApplicationSceneManifest_Generation = YES;
				INFOPLIST_KEY_UIApplicationSupportsIndirectInputEvents = YES;
				INFOPLIST_KEY_UILaunchScreen_Generation = YES;
				INFOPLIST_KEY_UISupportedInterfaceOrientations_iPad = "UIInterfaceOrientationPortrait UIInterfaceOrientationPortraitUpsideDown UIInterfaceOrientationLandscapeLeft UIInterfaceOrientationLandscapeRight";
				INFOPLIST_KEY_UISupportedInterfaceOrientations_iPhone = "UIInterfaceOrientationPortrait UIInterfaceOrientationLandscapeLeft UIInterfaceOrientationLandscapeRight";
				LD_RUNPATH_SEARCH_PATHS = (
					"$(inherited)",
					"@executable_path/Frameworks",
				);
				MARKETING_VERSION = 1.0;
				PRODUCT_BUNDLE_IDENTIFIER = com.theonlygnome.SET;
				PRODUCT_NAME = "$(TARGET_NAME)";
				SWIFT_EMIT_LOC_STRINGS = YES;
				SWIFT_VERSION = 5.0;
				TARGETED_DEVICE_FAMILY = "1,2";
			};
			name = Release;
		};
/* End XCBuildConfiguration section */

/* Begin XCConfigurationList section */
		B3C4F8212ACE2DA300E75C7D /* Build configuration list for PBXProject "SET" */ = {
			isa = XCConfigurationList;
			buildConfigurations = (
				B3C4F8322ACE2DA700E75C7D /* Debug */,
				B3C4F8332ACE2DA700E75C7D /* Release */,
			);
			defaultConfigurationIsVisible = 0;
			defaultConfigurationName = Release;
		};
		B3C4F8342ACE2DA700E75C7D /* Build configuration list for PBXNativeTarget "SET" */ = {
			isa = XCConfigurationList;
			buildConfigurations = (
				B3C4F8352ACE2DA700E75C7D /* Debug */,
				B3C4F8362ACE2DA700E75C7D /* Release */,
			);
			defaultConfigurationIsVisible = 0;
			defaultConfigurationName = Release;
		};
/* End XCConfigurationList section */
	};
	rootObject = B3C4F81E2ACE2DA300E75C7D /* Project object */;
}
